
Microsoft Visual Studio Solution File, Format Version 12.00
# Visual Studio Version 17
VisualStudioVersion = 17.8.34330.188
MinimumVisualStudioVersion = 10.0.40219.1
Project("{9A19103F-16F7-4668-BE54-9A1E7A4F7556}") = "SecurePrivacyTask2", "SecurePrivacyTask2\SecurePrivacyTask2.csproj", "{030703C4-B393-447B-909C-48BF36F87F72}"
EndProject
Project("{FAE04EC0-301F-11D3-BF4B-00C04F79EFBC}") = "SecurePrivacyTask2.Tests", "SecurePrivacyTask2.Tests\SecurePrivacyTask2.Tests.csproj", "{3097EF5B-0978-4308-8D29-9D215597E84B}"
EndProject
Global
	GlobalSection(SolutionConfigurationPlatforms) = preSolution
		Debug|Any CPU = Debug|Any CPU
		Release|Any CPU = Release|Any CPU
	EndGlobalSection
	GlobalSection(ProjectConfigurationPlatforms) = postSolution
		{030703C4-B393-447B-909C-48BF36F87F72}.Debug|Any CPU.ActiveCfg = Debug|Any CPU
		{030703C4-B393-447B-909C-48BF36F87F72}.Debug|Any CPU.Build.0 = Debug|Any CPU
		{030703C4-B393-447B-909C-48BF36F87F72}.Release|Any CPU.ActiveCfg = Release|Any CPU
		{030703C4-B393-447B-909C-48BF36F87F72}.Release|Any CPU.Build.0 = Release|Any CPU
		{3097EF5B-0978-4308-8D29-9D215597E84B}.Debug|Any CPU.ActiveCfg = Debug|Any CPU
		{3097EF5B-0978-4308-8D29-9D215597E84B}.Debug|Any CPU.Build.0 = Debug|Any CPU
		{3097EF5B-0978-4308-8D29-9D215597E84B}.Release|Any CPU.ActiveCfg = Release|Any CPU
		{3097EF5B-0978-4308-8D29-9D215597E84B}.Release|Any CPU.Build.0 = Release|Any CPU
	EndGlobalSection
	GlobalSection(SolutionProperties) = preSolution
		HideSolutionNode = FALSE
	EndGlobalSection
	GlobalSection(ExtensibilityGlobals) = postSolution
		SolutionGuid = {E10C1455-20A1-4EF5-A0ED-8C9049A00178}
	EndGlobalSection
EndGlobal
